// !$*UTF8*$!
{
	archiveVersion = 1;
	classes = {
	};
	objectVersion = 77;
	objects = {

/* Begin PBXBuildFile section */
		5A3E19892CEB2D2F00A24999 /* FirebaseAppCheck in Frameworks */ = {isa = PBXBuildFile; productRef = 5A3E19882CEB2D2F00A24999 /* FirebaseAppCheck */; };
		5A3E198B2CEB2D2F00A24999 /* FirebaseAppDistribution-Beta in Frameworks */ = {isa = PBXBuildFile; productRef = 5A3E198A2CEB2D2F00A24999 /* FirebaseAppDistribution-Beta */; };
		5A3E198D2CEB2D2F00A24999 /* FirebaseAuth in Frameworks */ = {isa = PBXBuildFile; productRef = 5A3E198C2CEB2D2F00A24999 /* FirebaseAuth */; };
		5A3E198F2CEB2D2F00A24999 /* FirebaseAuthCombine-Community in Frameworks */ = {isa = PBXBuildFile; productRef = 5A3E198E2CEB2D2F00A24999 /* FirebaseAuthCombine-Community */; };
		5A3E19912CEB2D2F00A24999 /* FirebaseCore in Frameworks */ = {isa = PBXBuildFile; productRef = 5A3E19902CEB2D2F00A24999 /* FirebaseCore */; };
		5A3E19932CEB2D2F00A24999 /* FirebaseDatabase in Frameworks */ = {isa = PBXBuildFile; productRef = 5A3E19922CEB2D2F00A24999 /* FirebaseDatabase */; };
		5A3E19952CEB2D2F00A24999 /* FirebaseFirestore in Frameworks */ = {isa = PBXBuildFile; productRef = 5A3E19942CEB2D2F00A24999 /* FirebaseFirestore */; };
		5A3E19972CEB2D2F00A24999 /* FirebaseFirestoreCombine-Community in Frameworks */ = {isa = PBXBuildFile; productRef = 5A3E19962CEB2D2F00A24999 /* FirebaseFirestoreCombine-Community */; };
		5A3E19992CEB2D2F00A24999 /* FirebaseFunctions in Frameworks */ = {isa = PBXBuildFile; productRef = 5A3E19982CEB2D2F00A24999 /* FirebaseFunctions */; };
		5A3E199B2CEB2D2F00A24999 /* FirebaseInAppMessaging-Beta in Frameworks */ = {isa = PBXBuildFile; productRef = 5A3E199A2CEB2D2F00A24999 /* FirebaseInAppMessaging-Beta */; };
		5A3E199D2CEB2D2F00A24999 /* FirebasePerformance in Frameworks */ = {isa = PBXBuildFile; productRef = 5A3E199C2CEB2D2F00A24999 /* FirebasePerformance */; };
		5A3E199F2CEB2D2F00A24999 /* FirebaseRemoteConfig in Frameworks */ = {isa = PBXBuildFile; productRef = 5A3E199E2CEB2D2F00A24999 /* FirebaseRemoteConfig */; };
		5A3E19A12CEB2D2F00A24999 /* FirebaseStorage in Frameworks */ = {isa = PBXBuildFile; productRef = 5A3E19A02CEB2D2F00A24999 /* FirebaseStorage */; };
		5A3E19A32CEB2D2F00A24999 /* FirebaseStorageCombine-Community in Frameworks */ = {isa = PBXBuildFile; productRef = 5A3E19A22CEB2D2F00A24999 /* FirebaseStorageCombine-Community */; };
		854DBFD12CE861C700BF118B /* CalendarKit in Frameworks */ = {isa = PBXBuildFile; productRef = 854DBFD02CE861C700BF118B /* CalendarKit */; };
/* End PBXBuildFile section */

/* Begin PBXContainerItemProxy section */
		854DBF7D2CE8600A00BF118B /* PBXContainerItemProxy */ = {
			isa = PBXContainerItemProxy;
			containerPortal = 854DBF642CE8600800BF118B /* Project object */;
			proxyType = 1;
			remoteGlobalIDString = 854DBF6B2CE8600800BF118B;
			remoteInfo = Spark;
		};
		854DBF872CE8600A00BF118B /* PBXContainerItemProxy */ = {
			isa = PBXContainerItemProxy;
			containerPortal = 854DBF642CE8600800BF118B /* Project object */;
			proxyType = 1;
			remoteGlobalIDString = 854DBF6B2CE8600800BF118B;
			remoteInfo = Spark;
		};
/* End PBXContainerItemProxy section */

/* Begin PBXFileReference section */
		854DBF6C2CE8600800BF118B /* Spark.app */ = {isa = PBXFileReference; explicitFileType = wrapper.application; includeInIndex = 0; path = Spark.app; sourceTree = BUILT_PRODUCTS_DIR; };
		854DBF7C2CE8600A00BF118B /* SparkTests.xctest */ = {isa = PBXFileReference; explicitFileType = wrapper.cfbundle; includeInIndex = 0; path = SparkTests.xctest; sourceTree = BUILT_PRODUCTS_DIR; };
		854DBF862CE8600A00BF118B /* SparkUITests.xctest */ = {isa = PBXFileReference; explicitFileType = wrapper.cfbundle; includeInIndex = 0; path = SparkUITests.xctest; sourceTree = BUILT_PRODUCTS_DIR; };
/* End PBXFileReference section */

/* Begin PBXFileSystemSynchronizedBuildFileExceptionSet section */
		5A3E19862CEB2CEB00A24999 /* Exceptions for "Spark" folder in "SparkTests" target */ = {
			isa = PBXFileSystemSynchronizedBuildFileExceptionSet;
			membershipExceptions = (
				"GoogleService-Info.plist",
			);
			target = 854DBF7B2CE8600A00BF118B /* SparkTests */;
		};
		854DBFAF2CE8603F00BF118B /* Exceptions for "Spark" folder in "Spark" target */ = {
			isa = PBXFileSystemSynchronizedBuildFileExceptionSet;
			membershipExceptions = (
				Assets/Assets.xcassets,
				Assets/TabBar/CustomTabBar.swift,
				Assets/TabBar/TabBarButtons.swift,
				ContentView.swift,
				Core/Authentication/AuthenticationManager.swift,
				Core/Authentication/SignInViewModel.swift,
				Core/RootView.swift,
				Core/Settings/SettingsView.swift,
				Core/Settings/SettingsViewModel.swift,
				Core/Subviews/AuthenticationView.swift,
				Core/Subviews/SignInView.swift,
				Core/Subviews/SignUpView.swift,
				"GoogleService-Info.plist",
				"Preview Content/Preview Assets.xcassets",
				SharedData.swift,
				SparkApp.swift,
				Tabs/FriendsAvailableTab/AddUsers/AddUserView.swift,
				Tabs/FriendsAvailableTab/AddUsers/AddUserViewModel.swift,
				Tabs/FriendsAvailableTab/AddUsers/AppUserModel.swift,
				Tabs/FriendsAvailableTab/FriendsAvailable/FriendsAvailableView.swift,
				Tabs/FriendsAvailableTab/FriendsAvailable/FriendsAvailableViewModel.swift,
				Tabs/ProfileTab/CalendarImplementation/CalendarViewController.swift,
				Tabs/ProfileTab/CalendarImplementation/CurrentEventsView.swift,
				Tabs/ProfileTab/CalendarImplementation/EKWrapper.swift,
				Tabs/ProfileTab/ProfileView.swift,
				Tabs/ProfileTab/ProfileViewModel.swift,
				Tabs/ProfileTab/UserModel.swift,
			);
			target = 854DBF6B2CE8600800BF118B /* Spark */;
		};
		854DBFB02CE8603F00BF118B /* Exceptions for "Spark" folder in "SparkUITests" target */ = {
			isa = PBXFileSystemSynchronizedBuildFileExceptionSet;
			membershipExceptions = (
				ContentView.swift,
				"Preview Content/Preview Assets.xcassets",
				SharedData.swift,
				SparkApp.swift,
				Tabs/FriendsAvailableTab/FriendsAvailable/FriendsAvailableView.swift,
				Tabs/FriendsAvailableTab/FriendsAvailable/FriendsAvailableViewModel.swift,
			);
			target = 854DBF852CE8600A00BF118B /* SparkUITests */;
		};
/* End PBXFileSystemSynchronizedBuildFileExceptionSet section */

/* Begin PBXFileSystemSynchronizedRootGroup section */
		854DBF7F2CE8600A00BF118B /* SparkTests */ = {
			isa = PBXFileSystemSynchronizedRootGroup;
			path = SparkTests;
			sourceTree = "<group>";
		};
		854DBF892CE8600A00BF118B /* SparkUITests */ = {
			isa = PBXFileSystemSynchronizedRootGroup;
			path = SparkUITests;
			sourceTree = "<group>";
		};
		854DBFAA2CE8603F00BF118B /* Spark */ = {
			isa = PBXFileSystemSynchronizedRootGroup;
			exceptions = (
				854DBFAF2CE8603F00BF118B /* Exceptions for "Spark" folder in "Spark" target */,
				5A3E19862CEB2CEB00A24999 /* Exceptions for "Spark" folder in "SparkTests" target */,
				854DBFB02CE8603F00BF118B /* Exceptions for "Spark" folder in "SparkUITests" target */,
			);
			path = Spark;
			sourceTree = "<group>";
		};
/* End PBXFileSystemSynchronizedRootGroup section */

/* Begin PBXFrameworksBuildPhase section */
		854DBF692CE8600800BF118B /* Frameworks */ = {
			isa = PBXFrameworksBuildPhase;
			buildActionMask = 2147483647;
			files = (
				5A3E19892CEB2D2F00A24999 /* FirebaseAppCheck in Frameworks */,
				854DBFD12CE861C700BF118B /* CalendarKit in Frameworks */,
				5A3E199D2CEB2D2F00A24999 /* FirebasePerformance in Frameworks */,
				5A3E198B2CEB2D2F00A24999 /* FirebaseAppDistribution-Beta in Frameworks */,
				5A3E19972CEB2D2F00A24999 /* FirebaseFirestoreCombine-Community in Frameworks */,
				5A3E198D2CEB2D2F00A24999 /* FirebaseAuth in Frameworks */,
				5A3E19912CEB2D2F00A24999 /* FirebaseCore in Frameworks */,
				5A3E19A32CEB2D2F00A24999 /* FirebaseStorageCombine-Community in Frameworks */,
				5A3E199B2CEB2D2F00A24999 /* FirebaseInAppMessaging-Beta in Frameworks */,
				5A3E19952CEB2D2F00A24999 /* FirebaseFirestore in Frameworks */,
				5A3E19992CEB2D2F00A24999 /* FirebaseFunctions in Frameworks */,
				5A3E199F2CEB2D2F00A24999 /* FirebaseRemoteConfig in Frameworks */,
				5A3E19A12CEB2D2F00A24999 /* FirebaseStorage in Frameworks */,
				5A3E19932CEB2D2F00A24999 /* FirebaseDatabase in Frameworks */,
				5A3E198F2CEB2D2F00A24999 /* FirebaseAuthCombine-Community in Frameworks */,
			);
			runOnlyForDeploymentPostprocessing = 0;
		};
		854DBF792CE8600A00BF118B /* Frameworks */ = {
			isa = PBXFrameworksBuildPhase;
			buildActionMask = 2147483647;
			files = (
			);
			runOnlyForDeploymentPostprocessing = 0;
		};
		854DBF832CE8600A00BF118B /* Frameworks */ = {
			isa = PBXFrameworksBuildPhase;
			buildActionMask = 2147483647;
			files = (
			);
			runOnlyForDeploymentPostprocessing = 0;
		};
/* End PBXFrameworksBuildPhase section */

/* Begin PBXGroup section */
		5A4459592CF54456001833E8 /* Frameworks */ = {
			isa = PBXGroup;
			children = (
			);
			name = Frameworks;
			sourceTree = "<group>";
		};
		854DBF632CE8600800BF118B = {
			isa = PBXGroup;
			children = (
				854DBFAA2CE8603F00BF118B /* Spark */,
				854DBF7F2CE8600A00BF118B /* SparkTests */,
				854DBF892CE8600A00BF118B /* SparkUITests */,
				5A4459592CF54456001833E8 /* Frameworks */,
				854DBF6D2CE8600800BF118B /* Products */,
			);
			sourceTree = "<group>";
		};
		854DBF6D2CE8600800BF118B /* Products */ = {
			isa = PBXGroup;
			children = (
				854DBF6C2CE8600800BF118B /* Spark.app */,
				854DBF7C2CE8600A00BF118B /* SparkTests.xctest */,
				854DBF862CE8600A00BF118B /* SparkUITests.xctest */,
			);
			name = Products;
			sourceTree = "<group>";
		};
/* End PBXGroup section */

/* Begin PBXNativeTarget section */
		854DBF6B2CE8600800BF118B /* Spark */ = {
			isa = PBXNativeTarget;
			buildConfigurationList = 854DBF902CE8600A00BF118B /* Build configuration list for PBXNativeTarget "Spark" */;
			buildPhases = (
				854DBF682CE8600800BF118B /* Sources */,
				854DBF692CE8600800BF118B /* Frameworks */,
				854DBF6A2CE8600800BF118B /* Resources */,
			);
			buildRules = (
			);
			dependencies = (
			);
			name = Spark;
			packageProductDependencies = (
				854DBFD02CE861C700BF118B /* CalendarKit */,
				5A3E19882CEB2D2F00A24999 /* FirebaseAppCheck */,
				5A3E198A2CEB2D2F00A24999 /* FirebaseAppDistribution-Beta */,
				5A3E198C2CEB2D2F00A24999 /* FirebaseAuth */,
				5A3E198E2CEB2D2F00A24999 /* FirebaseAuthCombine-Community */,
				5A3E19902CEB2D2F00A24999 /* FirebaseCore */,
				5A3E19922CEB2D2F00A24999 /* FirebaseDatabase */,
				5A3E19942CEB2D2F00A24999 /* FirebaseFirestore */,
				5A3E19962CEB2D2F00A24999 /* FirebaseFirestoreCombine-Community */,
				5A3E19982CEB2D2F00A24999 /* FirebaseFunctions */,
				5A3E199A2CEB2D2F00A24999 /* FirebaseInAppMessaging-Beta */,
				5A3E199C2CEB2D2F00A24999 /* FirebasePerformance */,
				5A3E199E2CEB2D2F00A24999 /* FirebaseRemoteConfig */,
				5A3E19A02CEB2D2F00A24999 /* FirebaseStorage */,
				5A3E19A22CEB2D2F00A24999 /* FirebaseStorageCombine-Community */,
			);
			productName = Spark;
			productReference = 854DBF6C2CE8600800BF118B /* Spark.app */;
			productType = "com.apple.product-type.application";
		};
		854DBF7B2CE8600A00BF118B /* SparkTests */ = {
			isa = PBXNativeTarget;
			buildConfigurationList = 854DBF932CE8600A00BF118B /* Build configuration list for PBXNativeTarget "SparkTests" */;
			buildPhases = (
				854DBF782CE8600A00BF118B /* Sources */,
				854DBF792CE8600A00BF118B /* Frameworks */,
				854DBF7A2CE8600A00BF118B /* Resources */,
			);
			buildRules = (
			);
			dependencies = (
				854DBF7E2CE8600A00BF118B /* PBXTargetDependency */,
			);
			fileSystemSynchronizedGroups = (
				854DBF7F2CE8600A00BF118B /* SparkTests */,
			);
			name = SparkTests;
			packageProductDependencies = (
			);
			productName = SparkTests;
			productReference = 854DBF7C2CE8600A00BF118B /* SparkTests.xctest */;
			productType = "com.apple.product-type.bundle.unit-test";
		};
		854DBF852CE8600A00BF118B /* SparkUITests */ = {
			isa = PBXNativeTarget;
			buildConfigurationList = 854DBF962CE8600A00BF118B /* Build configuration list for PBXNativeTarget "SparkUITests" */;
			buildPhases = (
				854DBF822CE8600A00BF118B /* Sources */,
				854DBF832CE8600A00BF118B /* Frameworks */,
				854DBF842CE8600A00BF118B /* Resources */,
			);
			buildRules = (
			);
			dependencies = (
				854DBF882CE8600A00BF118B /* PBXTargetDependency */,
			);
			fileSystemSynchronizedGroups = (
				854DBF892CE8600A00BF118B /* SparkUITests */,
				854DBFAA2CE8603F00BF118B /* Spark */,
			);
			name = SparkUITests;
			packageProductDependencies = (
			);
			productName = SparkUITests;
			productReference = 854DBF862CE8600A00BF118B /* SparkUITests.xctest */;
			productType = "com.apple.product-type.bundle.ui-testing";
		};
/* End PBXNativeTarget section */

/* Begin PBXProject section */
		854DBF642CE8600800BF118B /* Project object */ = {
			isa = PBXProject;
			attributes = {
				BuildIndependentTargetsInParallel = 1;
				LastSwiftUpdateCheck = 1610;
				LastUpgradeCheck = 1610;
				TargetAttributes = {
					854DBF6B2CE8600800BF118B = {
						CreatedOnToolsVersion = 16.1;
					};
					854DBF7B2CE8600A00BF118B = {
						CreatedOnToolsVersion = 16.1;
						TestTargetID = 854DBF6B2CE8600800BF118B;
					};
					854DBF852CE8600A00BF118B = {
						CreatedOnToolsVersion = 16.1;
						TestTargetID = 854DBF6B2CE8600800BF118B;
					};
				};
			};
			buildConfigurationList = 854DBF672CE8600800BF118B /* Build configuration list for PBXProject "Spark" */;
			developmentRegion = en;
			hasScannedForEncodings = 0;
			knownRegions = (
				en,
				Base,
			);
			mainGroup = 854DBF632CE8600800BF118B;
			minimizedProjectReferenceProxies = 1;
			packageReferences = (
				854DBFCF2CE861C700BF118B /* XCRemoteSwiftPackageReference "CalendarKit" */,
				5A3E19872CEB2D2F00A24999 /* XCRemoteSwiftPackageReference "firebase-ios-sdk" */,
			);
			preferredProjectObjectVersion = 77;
			productRefGroup = 854DBF6D2CE8600800BF118B /* Products */;
			projectDirPath = "";
			projectRoot = "";
			targets = (
				854DBF6B2CE8600800BF118B /* Spark */,
				854DBF7B2CE8600A00BF118B /* SparkTests */,
				854DBF852CE8600A00BF118B /* SparkUITests */,
			);
		};
/* End PBXProject section */

/* Begin PBXResourcesBuildPhase section */
		854DBF6A2CE8600800BF118B /* Resources */ = {
			isa = PBXResourcesBuildPhase;
			buildActionMask = 2147483647;
			files = (
			);
			runOnlyForDeploymentPostprocessing = 0;
		};
		854DBF7A2CE8600A00BF118B /* Resources */ = {
			isa = PBXResourcesBuildPhase;
			buildActionMask = 2147483647;
			files = (
			);
			runOnlyForDeploymentPostprocessing = 0;
		};
		854DBF842CE8600A00BF118B /* Resources */ = {
			isa = PBXResourcesBuildPhase;
			buildActionMask = 2147483647;
			files = (
			);
			runOnlyForDeploymentPostprocessing = 0;
		};
/* End PBXResourcesBuildPhase section */

/* Begin PBXSourcesBuildPhase section */
		854DBF682CE8600800BF118B /* Sources */ = {
			isa = PBXSourcesBuildPhase;
			buildActionMask = 2147483647;
			files = (
			);
			runOnlyForDeploymentPostprocessing = 0;
		};
		854DBF782CE8600A00BF118B /* Sources */ = {
			isa = PBXSourcesBuildPhase;
			buildActionMask = 2147483647;
			files = (
			);
			runOnlyForDeploymentPostprocessing = 0;
		};
		854DBF822CE8600A00BF118B /* Sources */ = {
			isa = PBXSourcesBuildPhase;
			buildActionMask = 2147483647;
			files = (
			);
			runOnlyForDeploymentPostprocessing = 0;
		};
/* End PBXSourcesBuildPhase section */

/* Begin PBXTargetDependency section */
		854DBF7E2CE8600A00BF118B /* PBXTargetDependency */ = {
			isa = PBXTargetDependency;
			target = 854DBF6B2CE8600800BF118B /* Spark */;
			targetProxy = 854DBF7D2CE8600A00BF118B /* PBXContainerItemProxy */;
		};
		854DBF882CE8600A00BF118B /* PBXTargetDependency */ = {
			isa = PBXTargetDependency;
			target = 854DBF6B2CE8600800BF118B /* Spark */;
			targetProxy = 854DBF872CE8600A00BF118B /* PBXContainerItemProxy */;
		};
/* End PBXTargetDependency section */

/* Begin XCBuildConfiguration section */
		854DBF8E2CE8600A00BF118B /* Debug */ = {
			isa = XCBuildConfiguration;
			buildSettings = {
				ALWAYS_SEARCH_USER_PATHS = NO;
				ASSETCATALOG_COMPILER_GENERATE_SWIFT_ASSET_SYMBOL_EXTENSIONS = YES;
				CLANG_ANALYZER_NONNULL = YES;
				CLANG_ANALYZER_NUMBER_OBJECT_CONVERSION = YES_AGGRESSIVE;
				CLANG_CXX_LANGUAGE_STANDARD = "gnu++20";
				CLANG_ENABLE_MODULES = YES;
				CLANG_ENABLE_OBJC_ARC = YES;
				CLANG_ENABLE_OBJC_WEAK = YES;
				CLANG_WARN_BLOCK_CAPTURE_AUTORELEASING = YES;
				CLANG_WARN_BOOL_CONVERSION = YES;
				CLANG_WARN_COMMA = YES;
				CLANG_WARN_CONSTANT_CONVERSION = YES;
				CLANG_WARN_DEPRECATED_OBJC_IMPLEMENTATIONS = YES;
				CLANG_WARN_DIRECT_OBJC_ISA_USAGE = YES_ERROR;
				CLANG_WARN_DOCUMENTATION_COMMENTS = YES;
				CLANG_WARN_EMPTY_BODY = YES;
				CLANG_WARN_ENUM_CONVERSION = YES;
				CLANG_WARN_INFINITE_RECURSION = YES;
				CLANG_WARN_INT_CONVERSION = YES;
				CLANG_WARN_NON_LITERAL_NULL_CONVERSION = YES;
				CLANG_WARN_OBJC_IMPLICIT_RETAIN_SELF = YES;
				CLANG_WARN_OBJC_LITERAL_CONVERSION = YES;
				CLANG_WARN_OBJC_ROOT_CLASS = YES_ERROR;
				CLANG_WARN_QUOTED_INCLUDE_IN_FRAMEWORK_HEADER = YES;
				CLANG_WARN_RANGE_LOOP_ANALYSIS = YES;
				CLANG_WARN_STRICT_PROTOTYPES = YES;
				CLANG_WARN_SUSPICIOUS_MOVE = YES;
				CLANG_WARN_UNGUARDED_AVAILABILITY = YES_AGGRESSIVE;
				CLANG_WARN_UNREACHABLE_CODE = YES;
				CLANG_WARN__DUPLICATE_METHOD_MATCH = YES;
				COPY_PHASE_STRIP = NO;
				DEBUG_INFORMATION_FORMAT = dwarf;
				ENABLE_STRICT_OBJC_MSGSEND = YES;
				ENABLE_TESTABILITY = YES;
				ENABLE_USER_SCRIPT_SANDBOXING = YES;
				GCC_C_LANGUAGE_STANDARD = gnu17;
				GCC_DYNAMIC_NO_PIC = NO;
				GCC_NO_COMMON_BLOCKS = YES;
				GCC_OPTIMIZATION_LEVEL = 0;
				GCC_PREPROCESSOR_DEFINITIONS = (
					"DEBUG=1",
					"$(inherited)",
				);
				GCC_WARN_64_TO_32_BIT_CONVERSION = YES;
				GCC_WARN_ABOUT_RETURN_TYPE = YES_ERROR;
				GCC_WARN_UNDECLARED_SELECTOR = YES;
				GCC_WARN_UNINITIALIZED_AUTOS = YES_AGGRESSIVE;
				GCC_WARN_UNUSED_FUNCTION = YES;
				GCC_WARN_UNUSED_VARIABLE = YES;
				IPHONEOS_DEPLOYMENT_TARGET = 18.1;
				LOCALIZATION_PREFERS_STRING_CATALOGS = YES;
				MTL_ENABLE_DEBUG_INFO = INCLUDE_SOURCE;
				MTL_FAST_MATH = YES;
				ONLY_ACTIVE_ARCH = YES;
				SDKROOT = iphoneos;
				SWIFT_ACTIVE_COMPILATION_CONDITIONS = "DEBUG $(inherited)";
				SWIFT_OPTIMIZATION_LEVEL = "-Onone";
			};
			name = Debug;
		};
		854DBF8F2CE8600A00BF118B /* Release */ = {
			isa = XCBuildConfiguration;
			buildSettings = {
				ALWAYS_SEARCH_USER_PATHS = NO;
				ASSETCATALOG_COMPILER_GENERATE_SWIFT_ASSET_SYMBOL_EXTENSIONS = YES;
				CLANG_ANALYZER_NONNULL = YES;
				CLANG_ANALYZER_NUMBER_OBJECT_CONVERSION = YES_AGGRESSIVE;
				CLANG_CXX_LANGUAGE_STANDARD = "gnu++20";
				CLANG_ENABLE_MODULES = YES;
				CLANG_ENABLE_OBJC_ARC = YES;
				CLANG_ENABLE_OBJC_WEAK = YES;
				CLANG_WARN_BLOCK_CAPTURE_AUTORELEASING = YES;
				CLANG_WARN_BOOL_CONVERSION = YES;
				CLANG_WARN_COMMA = YES;
				CLANG_WARN_CONSTANT_CONVERSION = YES;
				CLANG_WARN_DEPRECATED_OBJC_IMPLEMENTATIONS = YES;
				CLANG_WARN_DIRECT_OBJC_ISA_USAGE = YES_ERROR;
				CLANG_WARN_DOCUMENTATION_COMMENTS = YES;
				CLANG_WARN_EMPTY_BODY = YES;
				CLANG_WARN_ENUM_CONVERSION = YES;
				CLANG_WARN_INFINITE_RECURSION = YES;
				CLANG_WARN_INT_CONVERSION = YES;
				CLANG_WARN_NON_LITERAL_NULL_CONVERSION = YES;
				CLANG_WARN_OBJC_IMPLICIT_RETAIN_SELF = YES;
				CLANG_WARN_OBJC_LITERAL_CONVERSION = YES;
				CLANG_WARN_OBJC_ROOT_CLASS = YES_ERROR;
				CLANG_WARN_QUOTED_INCLUDE_IN_FRAMEWORK_HEADER = YES;
				CLANG_WARN_RANGE_LOOP_ANALYSIS = YES;
				CLANG_WARN_STRICT_PROTOTYPES = YES;
				CLANG_WARN_SUSPICIOUS_MOVE = YES;
				CLANG_WARN_UNGUARDED_AVAILABILITY = YES_AGGRESSIVE;
				CLANG_WARN_UNREACHABLE_CODE = YES;
				CLANG_WARN__DUPLICATE_METHOD_MATCH = YES;
				COPY_PHASE_STRIP = NO;
				DEBUG_INFORMATION_FORMAT = "dwarf-with-dsym";
				ENABLE_NS_ASSERTIONS = NO;
				ENABLE_STRICT_OBJC_MSGSEND = YES;
				ENABLE_USER_SCRIPT_SANDBOXING = YES;
				GCC_C_LANGUAGE_STANDARD = gnu17;
				GCC_NO_COMMON_BLOCKS = YES;
				GCC_WARN_64_TO_32_BIT_CONVERSION = YES;
				GCC_WARN_ABOUT_RETURN_TYPE = YES_ERROR;
				GCC_WARN_UNDECLARED_SELECTOR = YES;
				GCC_WARN_UNINITIALIZED_AUTOS = YES_AGGRESSIVE;
				GCC_WARN_UNUSED_FUNCTION = YES;
				GCC_WARN_UNUSED_VARIABLE = YES;
				IPHONEOS_DEPLOYMENT_TARGET = 18.1;
				LOCALIZATION_PREFERS_STRING_CATALOGS = YES;
				MTL_ENABLE_DEBUG_INFO = NO;
				MTL_FAST_MATH = YES;
				SDKROOT = iphoneos;
				SWIFT_COMPILATION_MODE = wholemodule;
				VALIDATE_PRODUCT = YES;
			};
			name = Release;
		};
		854DBF912CE8600A00BF118B /* Debug */ = {
			isa = XCBuildConfiguration;
			buildSettings = {
				ASSETCATALOG_COMPILER_APPICON_NAME = AppIcon;
				ASSETCATALOG_COMPILER_GLOBAL_ACCENT_COLOR_NAME = AccentColor;
				CODE_SIGN_STYLE = Automatic;
				CURRENT_PROJECT_VERSION = 1;
				DEVELOPMENT_ASSET_PATHS = "\"Spark/Preview Content\"";
				DEVELOPMENT_TEAM = HLJN8S8QKQ;
				ENABLE_PREVIEWS = YES;
				GENERATE_INFOPLIST_FILE = YES;
				INFOPLIST_KEY_NSCalendarsUsageDescription = "Spark needs access to calendar";
				INFOPLIST_KEY_UIApplicationSceneManifest_Generation = YES;
				INFOPLIST_KEY_UIApplicationSupportsIndirectInputEvents = YES;
				INFOPLIST_KEY_UILaunchScreen_Generation = YES;
				INFOPLIST_KEY_UISupportedInterfaceOrientations_iPad = "UIInterfaceOrientationPortrait UIInterfaceOrientationPortraitUpsideDown UIInterfaceOrientationLandscapeLeft UIInterfaceOrientationLandscapeRight";
				INFOPLIST_KEY_UISupportedInterfaceOrientations_iPhone = "UIInterfaceOrientationPortrait UIInterfaceOrientationLandscapeLeft UIInterfaceOrientationLandscapeRight";
				IPHONEOS_DEPLOYMENT_TARGET = 17.6;
				LD_RUNPATH_SEARCH_PATHS = (
					"$(inherited)",
					"@executable_path/Frameworks",
				);
				MARKETING_VERSION = 1.0;
				PRODUCT_BUNDLE_IDENTIFIER = ecc.Spark;
				PRODUCT_NAME = "$(TARGET_NAME)";
				SWIFT_EMIT_LOC_STRINGS = YES;
				SWIFT_VERSION = 5.0;
				TARGETED_DEVICE_FAMILY = "1,2";
			};
			name = Debug;
		};
		854DBF922CE8600A00BF118B /* Release */ = {
			isa = XCBuildConfiguration;
			buildSettings = {
				ASSETCATALOG_COMPILER_APPICON_NAME = AppIcon;
				ASSETCATALOG_COMPILER_GLOBAL_ACCENT_COLOR_NAME = AccentColor;
				CODE_SIGN_STYLE = Automatic;
				CURRENT_PROJECT_VERSION = 1;
				DEVELOPMENT_ASSET_PATHS = "\"Spark/Preview Content\"";
				DEVELOPMENT_TEAM = HLJN8S8QKQ;
				ENABLE_PREVIEWS = YES;
				GENERATE_INFOPLIST_FILE = YES;
				INFOPLIST_KEY_NSCalendarsUsageDescription = "Spark needs access to calendar";
				INFOPLIST_KEY_UIApplicationSceneManifest_Generation = YES;
				INFOPLIST_KEY_UIApplicationSupportsIndirectInputEvents = YES;
				INFOPLIST_KEY_UILaunchScreen_Generation = YES;
				INFOPLIST_KEY_UISupportedInterfaceOrientations_iPad = "UIInterfaceOrientationPortrait UIInterfaceOrientationPortraitUpsideDown UIInterfaceOrientationLandscapeLeft UIInterfaceOrientationLandscapeRight";
				INFOPLIST_KEY_UISupportedInterfaceOrientations_iPhone = "UIInterfaceOrientationPortrait UIInterfaceOrientationLandscapeLeft UIInterfaceOrientationLandscapeRight";
				IPHONEOS_DEPLOYMENT_TARGET = 17.6;
				LD_RUNPATH_SEARCH_PATHS = (
					"$(inherited)",
					"@executable_path/Frameworks",
				);
				MARKETING_VERSION = 1.0;
				PRODUCT_BUNDLE_IDENTIFIER = ecc.Spark;
				PRODUCT_NAME = "$(TARGET_NAME)";
				SWIFT_EMIT_LOC_STRINGS = YES;
				SWIFT_VERSION = 5.0;
				TARGETED_DEVICE_FAMILY = "1,2";
			};
			name = Release;
		};
		854DBF942CE8600A00BF118B /* Debug */ = {
			isa = XCBuildConfiguration;
			buildSettings = {
				BUNDLE_LOADER = "$(TEST_HOST)";
				CODE_SIGN_STYLE = Automatic;
				CURRENT_PROJECT_VERSION = 1;
				GENERATE_INFOPLIST_FILE = YES;
				IPHONEOS_DEPLOYMENT_TARGET = 18.1;
				MARKETING_VERSION = 1.0;
				PRODUCT_BUNDLE_IDENTIFIER = ecc.SparkTests;
				PRODUCT_NAME = "$(TARGET_NAME)";
				SWIFT_EMIT_LOC_STRINGS = NO;
				SWIFT_VERSION = 5.0;
				TARGETED_DEVICE_FAMILY = "1,2";
				TEST_HOST = "$(BUILT_PRODUCTS_DIR)/Spark.app/$(BUNDLE_EXECUTABLE_FOLDER_PATH)/Spark";
			};
			name = Debug;
		};
		854DBF952CE8600A00BF118B /* Release */ = {
			isa = XCBuildConfiguration;
			buildSettings = {
				BUNDLE_LOADER = "$(TEST_HOST)";
				CODE_SIGN_STYLE = Automatic;
				CURRENT_PROJECT_VERSION = 1;
				GENERATE_INFOPLIST_FILE = YES;
				IPHONEOS_DEPLOYMENT_TARGET = 18.1;
				MARKETING_VERSION = 1.0;
				PRODUCT_BUNDLE_IDENTIFIER = ecc.SparkTests;
				PRODUCT_NAME = "$(TARGET_NAME)";
				SWIFT_EMIT_LOC_STRINGS = NO;
				SWIFT_VERSION = 5.0;
				TARGETED_DEVICE_FAMILY = "1,2";
				TEST_HOST = "$(BUILT_PRODUCTS_DIR)/Spark.app/$(BUNDLE_EXECUTABLE_FOLDER_PATH)/Spark";
			};
			name = Release;
		};
		854DBF972CE8600A00BF118B /* Debug */ = {
			isa = XCBuildConfiguration;
			buildSettings = {
				CODE_SIGN_STYLE = Automatic;
				CURRENT_PROJECT_VERSION = 1;
				GENERATE_INFOPLIST_FILE = YES;
				MARKETING_VERSION = 1.0;
				PRODUCT_BUNDLE_IDENTIFIER = ecc.SparkUITests;
				PRODUCT_NAME = "$(TARGET_NAME)";
				SWIFT_EMIT_LOC_STRINGS = NO;
				SWIFT_VERSION = 5.0;
				TARGETED_DEVICE_FAMILY = "1,2";
				TEST_TARGET_NAME = Spark;
			};
			name = Debug;
		};
		854DBF982CE8600A00BF118B /* Release */ = {
			isa = XCBuildConfiguration;
			buildSettings = {
				CODE_SIGN_STYLE = Automatic;
				CURRENT_PROJECT_VERSION = 1;
				GENERATE_INFOPLIST_FILE = YES;
				MARKETING_VERSION = 1.0;
				PRODUCT_BUNDLE_IDENTIFIER = ecc.SparkUITests;
				PRODUCT_NAME = "$(TARGET_NAME)";
				SWIFT_EMIT_LOC_STRINGS = NO;
				SWIFT_VERSION = 5.0;
				TARGETED_DEVICE_FAMILY = "1,2";
				TEST_TARGET_NAME = Spark;
			};
			name = Release;
		};
/* End XCBuildConfiguration section */

/* Begin XCConfigurationList section */
		854DBF672CE8600800BF118B /* Build configuration list for PBXProject "Spark" */ = {
			isa = XCConfigurationList;
			buildConfigurations = (
				854DBF8E2CE8600A00BF118B /* Debug */,
				854DBF8F2CE8600A00BF118B /* Release */,
			);
			defaultConfigurationIsVisible = 0;
			defaultConfigurationName = Release;
		};
		854DBF902CE8600A00BF118B /* Build configuration list for PBXNativeTarget "Spark" */ = {
			isa = XCConfigurationList;
			buildConfigurations = (
				854DBF912CE8600A00BF118B /* Debug */,
				854DBF922CE8600A00BF118B /* Release */,
			);
			defaultConfigurationIsVisible = 0;
			defaultConfigurationName = Release;
		};
		854DBF932CE8600A00BF118B /* Build configuration list for PBXNativeTarget "SparkTests" */ = {
			isa = XCConfigurationList;
			buildConfigurations = (
				854DBF942CE8600A00BF118B /* Debug */,
				854DBF952CE8600A00BF118B /* Release */,
			);
			defaultConfigurationIsVisible = 0;
			defaultConfigurationName = Release;
		};
		854DBF962CE8600A00BF118B /* Build configuration list for PBXNativeTarget "SparkUITests" */ = {
			isa = XCConfigurationList;
			buildConfigurations = (
				854DBF972CE8600A00BF118B /* Debug */,
				854DBF982CE8600A00BF118B /* Release */,
			);
			defaultConfigurationIsVisible = 0;
			defaultConfigurationName = Release;
		};
/* End XCConfigurationList section */

/* Begin XCRemoteSwiftPackageReference section */
		5A3E19872CEB2D2F00A24999 /* XCRemoteSwiftPackageReference "firebase-ios-sdk" */ = {
			isa = XCRemoteSwiftPackageReference;
			repositoryURL = "https://github.com/firebase/firebase-ios-sdk";
			requirement = {
				kind = upToNextMajorVersion;
				minimumVersion = 11.5.0;
			};
		};
		854DBFCF2CE861C700BF118B /* XCRemoteSwiftPackageReference "CalendarKit" */ = {
			isa = XCRemoteSwiftPackageReference;
			repositoryURL = "https://github.com/richardtop/CalendarKit.git";
			requirement = {
				kind = upToNextMajorVersion;
				minimumVersion = 1.1.11;
			};
		};
/* End XCRemoteSwiftPackageReference section */

/* Begin XCSwiftPackageProductDependency section */
		5A3E19882CEB2D2F00A24999 /* FirebaseAppCheck */ = {
			isa = XCSwiftPackageProductDependency;
			package = 5A3E19872CEB2D2F00A24999 /* XCRemoteSwiftPackageReference "firebase-ios-sdk" */;
			productName = FirebaseAppCheck;
		};
		5A3E198A2CEB2D2F00A24999 /* FirebaseAppDistribution-Beta */ = {
			isa = XCSwiftPackageProductDependency;
			package = 5A3E19872CEB2D2F00A24999 /* XCRemoteSwiftPackageReference "firebase-ios-sdk" */;
			productName = "FirebaseAppDistribution-Beta";
		};
		5A3E198C2CEB2D2F00A24999 /* FirebaseAuth */ = {
			isa = XCSwiftPackageProductDependency;
			package = 5A3E19872CEB2D2F00A24999 /* XCRemoteSwiftPackageReference "firebase-ios-sdk" */;
			productName = FirebaseAuth;
		};
		5A3E198E2CEB2D2F00A24999 /* FirebaseAuthCombine-Community */ = {
			isa = XCSwiftPackageProductDependency;
			package = 5A3E19872CEB2D2F00A24999 /* XCRemoteSwiftPackageReference "firebase-ios-sdk" */;
			productName = "FirebaseAuthCombine-Community";
		};
		5A3E19902CEB2D2F00A24999 /* FirebaseCore */ = {
			isa = XCSwiftPackageProductDependency;
			package = 5A3E19872CEB2D2F00A24999 /* XCRemoteSwiftPackageReference "firebase-ios-sdk" */;
			productName = FirebaseCore;
		};
		5A3E19922CEB2D2F00A24999 /* FirebaseDatabase */ = {
			isa = XCSwiftPackageProductDependency;
			package = 5A3E19872CEB2D2F00A24999 /* XCRemoteSwiftPackageReference "firebase-ios-sdk" */;
			productName = FirebaseDatabase;
		};
		5A3E19942CEB2D2F00A24999 /* FirebaseFirestore */ = {
			isa = XCSwiftPackageProductDependency;
			package = 5A3E19872CEB2D2F00A24999 /* XCRemoteSwiftPackageReference "firebase-ios-sdk" */;
			productName = FirebaseFirestore;
		};
		5A3E19962CEB2D2F00A24999 /* FirebaseFirestoreCombine-Community */ = {
			isa = XCSwiftPackageProductDependency;
			package = 5A3E19872CEB2D2F00A24999 /* XCRemoteSwiftPackageReference "firebase-ios-sdk" */;
			productName = "FirebaseFirestoreCombine-Community";
		};
		5A3E19982CEB2D2F00A24999 /* FirebaseFunctions */ = {
			isa = XCSwiftPackageProductDependency;
			package = 5A3E19872CEB2D2F00A24999 /* XCRemoteSwiftPackageReference "firebase-ios-sdk" */;
			productName = FirebaseFunctions;
		};
		5A3E199A2CEB2D2F00A24999 /* FirebaseInAppMessaging-Beta */ = {
			isa = XCSwiftPackageProductDependency;
			package = 5A3E19872CEB2D2F00A24999 /* XCRemoteSwiftPackageReference "firebase-ios-sdk" */;
			productName = "FirebaseInAppMessaging-Beta";
		};
		5A3E199C2CEB2D2F00A24999 /* FirebasePerformance */ = {
			isa = XCSwiftPackageProductDependency;
			package = 5A3E19872CEB2D2F00A24999 /* XCRemoteSwiftPackageReference "firebase-ios-sdk" */;
			productName = FirebasePerformance;
		};
		5A3E199E2CEB2D2F00A24999 /* FirebaseRemoteConfig */ = {
			isa = XCSwiftPackageProductDependency;
			package = 5A3E19872CEB2D2F00A24999 /* XCRemoteSwiftPackageReference "firebase-ios-sdk" */;
			productName = FirebaseRemoteConfig;
		};
		5A3E19A02CEB2D2F00A24999 /* FirebaseStorage */ = {
			isa = XCSwiftPackageProductDependency;
			package = 5A3E19872CEB2D2F00A24999 /* XCRemoteSwiftPackageReference "firebase-ios-sdk" */;
			productName = FirebaseStorage;
		};
		5A3E19A22CEB2D2F00A24999 /* FirebaseStorageCombine-Community */ = {
			isa = XCSwiftPackageProductDependency;
			package = 5A3E19872CEB2D2F00A24999 /* XCRemoteSwiftPackageReference "firebase-ios-sdk" */;
			productName = "FirebaseStorageCombine-Community";
		};
		854DBFD02CE861C700BF118B /* CalendarKit */ = {
			isa = XCSwiftPackageProductDependency;
			package = 854DBFCF2CE861C700BF118B /* XCRemoteSwiftPackageReference "CalendarKit" */;
			productName = CalendarKit;
		};
/* End XCSwiftPackageProductDependency section */
	};
	rootObject = 854DBF642CE8600800BF118B /* Project object */;
}
